
Microsoft Visual Studio Solution File, Format Version 12.00
# Visual Studio Version 17
VisualStudioVersion = 17.11.35303.130
MinimumVisualStudioVersion = 10.0.40219.1
Project("{FAE04EC0-301F-11D3-BF4B-00C04F79EFBC}") = "Semaforo", "Semaforo.csproj", "{D00AF10A-8C8D-4006-A0AD-6BD3F20D5884}"
EndProject
Global
	GlobalSection(SolutionConfigurationPlatforms) = preSolution
		Debug|Any CPU = Debug|Any CPU
		Release|Any CPU = Release|Any CPU
	EndGlobalSection
	GlobalSection(ProjectConfigurationPlatforms) = postSolution
		{D00AF10A-8C8D-4006-A0AD-6BD3F20D5884}.Debug|Any CPU.ActiveCfg = Debug|Any CPU
		{D00AF10A-8C8D-4006-A0AD-6BD3F20D5884}.Debug|Any CPU.Build.0 = Debug|Any CPU
		{D00AF10A-8C8D-4006-A0AD-6BD3F20D5884}.Release|Any CPU.ActiveCfg = Release|Any CPU
		{D00AF10A-8C8D-4006-A0AD-6BD3F20D5884}.Release|Any CPU.Build.0 = Release|Any CPU
	EndGlobalSection
	GlobalSection(SolutionProperties) = preSolution
		HideSolutionNode = FALSE
	EndGlobalSection
	GlobalSection(ExtensibilityGlobals) = postSolution
		SolutionGuid = {9C915502-9D4A-4278-8B03-50809B6CC3F9}
	EndGlobalSection
EndGlobal
